
Microsoft Visual Studio Solution File, Format Version 12.00
# Visual Studio Version 17
VisualStudioVersion = 17.12.35527.113 d17.12
MinimumVisualStudioVersion = 10.0.40219.1
Project("{FAE04EC0-301F-11D3-BF4B-00C04F79EFBC}") = "TemizlikNobetiApp", "TemizlikNobetiApp.csproj", "{44EBCA27-DE79-4FD5-B816-3F54DDE5B8BD}"
EndProject
Global
	GlobalSection(SolutionConfigurationPlatforms) = preSolution
		Debug|Any CPU = Debug|Any CPU
		Release|Any CPU = Release|Any CPU
	EndGlobalSection
	GlobalSection(ProjectConfigurationPlatforms) = postSolution
		{44EBCA27-DE79-4FD5-B816-3F54DDE5B8BD}.Debug|Any CPU.ActiveCfg = Debug|Any CPU
		{44EBCA27-DE79-4FD5-B816-3F54DDE5B8BD}.Debug|Any CPU.Build.0 = Debug|Any CPU
		{44EBCA27-DE79-4FD5-B816-3F54DDE5B8BD}.Release|Any CPU.ActiveCfg = Release|Any CPU
		{44EBCA27-DE79-4FD5-B816-3F54DDE5B8BD}.Release|Any CPU.Build.0 = Release|Any CPU
	EndGlobalSection
	GlobalSection(SolutionProperties) = preSolution
		HideSolutionNode = FALSE
	EndGlobalSection
EndGlobal
